// !$*UTF8*$!
{
	archiveVersion = 1;
	classes = {
	};
	objectVersion = 50;
	objects = {

/* Begin PBXBuildFile section */
		1BCE8D6B2484DC0800A6DBB2 /* AppDelegate.swift in Sources */ = {isa = PBXBuildFile; fileRef = 1BCE8D6A2484DC0800A6DBB2 /* AppDelegate.swift */; };
		1BCE8D6D2484DC0800A6DBB2 /* SceneDelegate.swift in Sources */ = {isa = PBXBuildFile; fileRef = 1BCE8D6C2484DC0800A6DBB2 /* SceneDelegate.swift */; };
		1BCE8D6F2484DC0800A6DBB2 /* ContentView.swift in Sources */ = {isa = PBXBuildFile; fileRef = 1BCE8D6E2484DC0800A6DBB2 /* ContentView.swift */; };
		1BCE8D712484DC0900A6DBB2 /* Assets.xcassets in Resources */ = {isa = PBXBuildFile; fileRef = 1BCE8D702484DC0900A6DBB2 /* Assets.xcassets */; };
		1BCE8D742484DC0900A6DBB2 /* Preview Assets.xcassets in Resources */ = {isa = PBXBuildFile; fileRef = 1BCE8D732484DC0900A6DBB2 /* Preview Assets.xcassets */; };
		1BCE8D772484DC0900A6DBB2 /* LaunchScreen.storyboard in Resources */ = {isa = PBXBuildFile; fileRef = 1BCE8D752484DC0900A6DBB2 /* LaunchScreen.storyboard */; };
		1BCE8D822484DC0900A6DBB2 /* SSCustomButtonTests.swift in Sources */ = {isa = PBXBuildFile; fileRef = 1BCE8D812484DC0900A6DBB2 /* SSCustomButtonTests.swift */; };
		1BCE8D8D2484DC0A00A6DBB2 /* SSCustomButtonUITests.swift in Sources */ = {isa = PBXBuildFile; fileRef = 1BCE8D8C2484DC0A00A6DBB2 /* SSCustomButtonUITests.swift */; };
/* End PBXBuildFile section */

/* Begin PBXContainerItemProxy section */
		1BCE8D7E2484DC0900A6DBB2 /* PBXContainerItemProxy */ = {
			isa = PBXContainerItemProxy;
			containerPortal = 1BCE8D5F2484DC0800A6DBB2 /* Project object */;
			proxyType = 1;
			remoteGlobalIDString = 1BCE8D662484DC0800A6DBB2;
			remoteInfo = SSCustomButton;
		};
		1BCE8D892484DC0A00A6DBB2 /* PBXContainerItemProxy */ = {
			isa = PBXContainerItemProxy;
			containerPortal = 1BCE8D5F2484DC0800A6DBB2 /* Project object */;
			proxyType = 1;
			remoteGlobalIDString = 1BCE8D662484DC0800A6DBB2;
			remoteInfo = SSCustomButton;
		};
/* End PBXContainerItemProxy section */

/* Begin PBXFileReference section */
		1BCE8D672484DC0800A6DBB2 /* SSCustomButton.app */ = {isa = PBXFileReference; explicitFileType = wrapper.application; includeInIndex = 0; path = SSCustomButton.app; sourceTree = BUILT_PRODUCTS_DIR; };
		1BCE8D6A2484DC0800A6DBB2 /* AppDelegate.swift */ = {isa = PBXFileReference; lastKnownFileType = sourcecode.swift; path = AppDelegate.swift; sourceTree = "<group>"; };
		1BCE8D6C2484DC0800A6DBB2 /* SceneDelegate.swift */ = {isa = PBXFileReference; lastKnownFileType = sourcecode.swift; path = SceneDelegate.swift; sourceTree = "<group>"; };
		1BCE8D6E2484DC0800A6DBB2 /* ContentView.swift */ = {isa = PBXFileReference; lastKnownFileType = sourcecode.swift; path = ContentView.swift; sourceTree = "<group>"; };
		1BCE8D702484DC0900A6DBB2 /* Assets.xcassets */ = {isa = PBXFileReference; lastKnownFileType = folder.assetcatalog; path = Assets.xcassets; sourceTree = "<group>"; };
		1BCE8D732484DC0900A6DBB2 /* Preview Assets.xcassets */ = {isa = PBXFileReference; lastKnownFileType = folder.assetcatalog; path = "Preview Assets.xcassets"; sourceTree = "<group>"; };
		1BCE8D762484DC0900A6DBB2 /* Base */ = {isa = PBXFileReference; lastKnownFileType = file.storyboard; name = Base; path = Base.lproj/LaunchScreen.storyboard; sourceTree = "<group>"; };
		1BCE8D782484DC0900A6DBB2 /* Info.plist */ = {isa = PBXFileReference; lastKnownFileType = text.plist.xml; path = Info.plist; sourceTree = "<group>"; };
		1BCE8D7D2484DC0900A6DBB2 /* SSCustomButtonTests.xctest */ = {isa = PBXFileReference; explicitFileType = wrapper.cfbundle; includeInIndex = 0; path = SSCustomButtonTests.xctest; sourceTree = BUILT_PRODUCTS_DIR; };
		1BCE8D812484DC0900A6DBB2 /* SSCustomButtonTests.swift */ = {isa = PBXFileReference; lastKnownFileType = sourcecode.swift; path = SSCustomButtonTests.swift; sourceTree = "<group>"; };
		1BCE8D832484DC0900A6DBB2 /* Info.plist */ = {isa = PBXFileReference; lastKnownFileType = text.plist.xml; path = Info.plist; sourceTree = "<group>"; };
		1BCE8D882484DC0900A6DBB2 /* SSCustomButtonUITests.xctest */ = {isa = PBXFileReference; explicitFileType = wrapper.cfbundle; includeInIndex = 0; path = SSCustomButtonUITests.xctest; sourceTree = BUILT_PRODUCTS_DIR; };
		1BCE8D8C2484DC0A00A6DBB2 /* SSCustomButtonUITests.swift */ = {isa = PBXFileReference; lastKnownFileType = sourcecode.swift; path = SSCustomButtonUITests.swift; sourceTree = "<group>"; };
		1BCE8D8E2484DC0A00A6DBB2 /* Info.plist */ = {isa = PBXFileReference; lastKnownFileType = text.plist.xml; path = Info.plist; sourceTree = "<group>"; };
/* End PBXFileReference section */

/* Begin PBXFrameworksBuildPhase section */
		1BCE8D642484DC0800A6DBB2 /* Frameworks */ = {
			isa = PBXFrameworksBuildPhase;
			buildActionMask = 2147483647;
			files = (
			);
			runOnlyForDeploymentPostprocessing = 0;
		};
		1BCE8D7A2484DC0900A6DBB2 /* Frameworks */ = {
			isa = PBXFrameworksBuildPhase;
			buildActionMask = 2147483647;
			files = (
			);
			runOnlyForDeploymentPostprocessing = 0;
		};
		1BCE8D852484DC0900A6DBB2 /* Frameworks */ = {
			isa = PBXFrameworksBuildPhase;
			buildActionMask = 2147483647;
			files = (
			);
			runOnlyForDeploymentPostprocessing = 0;
		};
/* End PBXFrameworksBuildPhase section */

/* Begin PBXGroup section */
		1BCE8D5E2484DC0800A6DBB2 = {
			isa = PBXGroup;
			children = (
				1BCE8D692484DC0800A6DBB2 /* SSCustomButton */,
				1BCE8D802484DC0900A6DBB2 /* SSCustomButtonTests */,
				1BCE8D8B2484DC0A00A6DBB2 /* SSCustomButtonUITests */,
				1BCE8D682484DC0800A6DBB2 /* Products */,
			);
			sourceTree = "<group>";
		};
		1BCE8D682484DC0800A6DBB2 /* Products */ = {
			isa = PBXGroup;
			children = (
				1BCE8D672484DC0800A6DBB2 /* SSCustomButton.app */,
				1BCE8D7D2484DC0900A6DBB2 /* SSCustomButtonTests.xctest */,
				1BCE8D882484DC0900A6DBB2 /* SSCustomButtonUITests.xctest */,
			);
			name = Products;
			sourceTree = "<group>";
		};
		1BCE8D692484DC0800A6DBB2 /* SSCustomButton */ = {
			isa = PBXGroup;
			children = (
				1BCE8D6A2484DC0800A6DBB2 /* AppDelegate.swift */,
				1BCE8D6C2484DC0800A6DBB2 /* SceneDelegate.swift */,
				1BCE8D6E2484DC0800A6DBB2 /* ContentView.swift */,
				1BCE8D702484DC0900A6DBB2 /* Assets.xcassets */,
				1BCE8D752484DC0900A6DBB2 /* LaunchScreen.storyboard */,
				1BCE8D782484DC0900A6DBB2 /* Info.plist */,
				1BCE8D722484DC0900A6DBB2 /* Preview Content */,
			);
			path = SSCustomButton;
			sourceTree = "<group>";
		};
		1BCE8D722484DC0900A6DBB2 /* Preview Content */ = {
			isa = PBXGroup;
			children = (
				1BCE8D732484DC0900A6DBB2 /* Preview Assets.xcassets */,
			);
			path = "Preview Content";
			sourceTree = "<group>";
		};
		1BCE8D802484DC0900A6DBB2 /* SSCustomButtonTests */ = {
			isa = PBXGroup;
			children = (
				1BCE8D812484DC0900A6DBB2 /* SSCustomButtonTests.swift */,
				1BCE8D832484DC0900A6DBB2 /* Info.plist */,
			);
			path = SSCustomButtonTests;
			sourceTree = "<group>";
		};
		1BCE8D8B2484DC0A00A6DBB2 /* SSCustomButtonUITests */ = {
			isa = PBXGroup;
			children = (
				1BCE8D8C2484DC0A00A6DBB2 /* SSCustomButtonUITests.swift */,
				1BCE8D8E2484DC0A00A6DBB2 /* Info.plist */,
			);
			path = SSCustomButtonUITests;
			sourceTree = "<group>";
		};
/* End PBXGroup section */

/* Begin PBXNativeTarget section */
		1BCE8D662484DC0800A6DBB2 /* SSCustomButton */ = {
			isa = PBXNativeTarget;
			buildConfigurationList = 1BCE8D912484DC0A00A6DBB2 /* Build configuration list for PBXNativeTarget "SSCustomButton" */;
			buildPhases = (
				1BCE8D632484DC0800A6DBB2 /* Sources */,
				1BCE8D642484DC0800A6DBB2 /* Frameworks */,
				1BCE8D652484DC0800A6DBB2 /* Resources */,
			);
			buildRules = (
			);
			dependencies = (
			);
			name = SSCustomButton;
			productName = SSCustomButton;
			productReference = 1BCE8D672484DC0800A6DBB2 /* SSCustomButton.app */;
			productType = "com.apple.product-type.application";
		};
		1BCE8D7C2484DC0900A6DBB2 /* SSCustomButtonTests */ = {
			isa = PBXNativeTarget;
			buildConfigurationList = 1BCE8D942484DC0A00A6DBB2 /* Build configuration list for PBXNativeTarget "SSCustomButtonTests" */;
			buildPhases = (
				1BCE8D792484DC0900A6DBB2 /* Sources */,
				1BCE8D7A2484DC0900A6DBB2 /* Frameworks */,
				1BCE8D7B2484DC0900A6DBB2 /* Resources */,
			);
			buildRules = (
			);
			dependencies = (
				1BCE8D7F2484DC0900A6DBB2 /* PBXTargetDependency */,
			);
			name = SSCustomButtonTests;
			productName = SSCustomButtonTests;
			productReference = 1BCE8D7D2484DC0900A6DBB2 /* SSCustomButtonTests.xctest */;
			productType = "com.apple.product-type.bundle.unit-test";
		};
		1BCE8D872484DC0900A6DBB2 /* SSCustomButtonUITests */ = {
			isa = PBXNativeTarget;
			buildConfigurationList = 1BCE8D972484DC0A00A6DBB2 /* Build configuration list for PBXNativeTarget "SSCustomButtonUITests" */;
			buildPhases = (
				1BCE8D842484DC0900A6DBB2 /* Sources */,
				1BCE8D852484DC0900A6DBB2 /* Frameworks */,
				1BCE8D862484DC0900A6DBB2 /* Resources */,
			);
			buildRules = (
			);
			dependencies = (
				1BCE8D8A2484DC0A00A6DBB2 /* PBXTargetDependency */,
			);
			name = SSCustomButtonUITests;
			productName = SSCustomButtonUITests;
			productReference = 1BCE8D882484DC0900A6DBB2 /* SSCustomButtonUITests.xctest */;
			productType = "com.apple.product-type.bundle.ui-testing";
		};
/* End PBXNativeTarget section */

/* Begin PBXProject section */
		1BCE8D5F2484DC0800A6DBB2 /* Project object */ = {
			isa = PBXProject;
			attributes = {
				LastSwiftUpdateCheck = 1150;
				LastUpgradeCheck = 1150;
				ORGANIZATIONNAME = "高野隆正";
				TargetAttributes = {
					1BCE8D662484DC0800A6DBB2 = {
						CreatedOnToolsVersion = 11.5;
					};
					1BCE8D7C2484DC0900A6DBB2 = {
						CreatedOnToolsVersion = 11.5;
						TestTargetID = 1BCE8D662484DC0800A6DBB2;
					};
					1BCE8D872484DC0900A6DBB2 = {
						CreatedOnToolsVersion = 11.5;
						TestTargetID = 1BCE8D662484DC0800A6DBB2;
					};
				};
			};
			buildConfigurationList = 1BCE8D622484DC0800A6DBB2 /* Build configuration list for PBXProject "SSCustomButton" */;
			compatibilityVersion = "Xcode 9.3";
			developmentRegion = en;
			hasScannedForEncodings = 0;
			knownRegions = (
				en,
				Base,
			);
			mainGroup = 1BCE8D5E2484DC0800A6DBB2;
			productRefGroup = 1BCE8D682484DC0800A6DBB2 /* Products */;
			projectDirPath = "";
			projectRoot = "";
			targets = (
				1BCE8D662484DC0800A6DBB2 /* SSCustomButton */,
				1BCE8D7C2484DC0900A6DBB2 /* SSCustomButtonTests */,
				1BCE8D872484DC0900A6DBB2 /* SSCustomButtonUITests */,
			);
		};
/* End PBXProject section */

/* Begin PBXResourcesBuildPhase section */
		1BCE8D652484DC0800A6DBB2 /* Resources */ = {
			isa = PBXResourcesBuildPhase;
			buildActionMask = 2147483647;
			files = (
				1BCE8D772484DC0900A6DBB2 /* LaunchScreen.storyboard in Resources */,
				1BCE8D742484DC0900A6DBB2 /* Preview Assets.xcassets in Resources */,
				1BCE8D712484DC0900A6DBB2 /* Assets.xcassets in Resources */,
			);
			runOnlyForDeploymentPostprocessing = 0;
		};
		1BCE8D7B2484DC0900A6DBB2 /* Resources */ = {
			isa = PBXResourcesBuildPhase;
			buildActionMask = 2147483647;
			files = (
			);
			runOnlyForDeploymentPostprocessing = 0;
		};
		1BCE8D862484DC0900A6DBB2 /* Resources */ = {
			isa = PBXResourcesBuildPhase;
			buildActionMask = 2147483647;
			files = (
			);
			runOnlyForDeploymentPostprocessing = 0;
		};
/* End PBXResourcesBuildPhase section */

/* Begin PBXSourcesBuildPhase section */
		1BCE8D632484DC0800A6DBB2 /* Sources */ = {
			isa = PBXSourcesBuildPhase;
			buildActionMask = 2147483647;
			files = (
				1BCE8D6B2484DC0800A6DBB2 /* AppDelegate.swift in Sources */,
				1BCE8D6D2484DC0800A6DBB2 /* SceneDelegate.swift in Sources */,
				1BCE8D6F2484DC0800A6DBB2 /* ContentView.swift in Sources */,
			);
			runOnlyForDeploymentPostprocessing = 0;
		};
		1BCE8D792484DC0900A6DBB2 /* Sources */ = {
			isa = PBXSourcesBuildPhase;
			buildActionMask = 2147483647;
			files = (
				1BCE8D822484DC0900A6DBB2 /* SSCustomButtonTests.swift in Sources */,
			);
			runOnlyForDeploymentPostprocessing = 0;
		};
		1BCE8D842484DC0900A6DBB2 /* Sources */ = {
			isa = PBXSourcesBuildPhase;
			buildActionMask = 2147483647;
			files = (
				1BCE8D8D2484DC0A00A6DBB2 /* SSCustomButtonUITests.swift in Sources */,
			);
			runOnlyForDeploymentPostprocessing = 0;
		};
/* End PBXSourcesBuildPhase section */

/* Begin PBXTargetDependency section */
		1BCE8D7F2484DC0900A6DBB2 /* PBXTargetDependency */ = {
			isa = PBXTargetDependency;
			target = 1BCE8D662484DC0800A6DBB2 /* SSCustomButton */;
			targetProxy = 1BCE8D7E2484DC0900A6DBB2 /* PBXContainerItemProxy */;
		};
		1BCE8D8A2484DC0A00A6DBB2 /* PBXTargetDependency */ = {
			isa = PBXTargetDependency;
			target = 1BCE8D662484DC0800A6DBB2 /* SSCustomButton */;
			targetProxy = 1BCE8D892484DC0A00A6DBB2 /* PBXContainerItemProxy */;
		};
/* End PBXTargetDependency section */

/* Begin PBXVariantGroup section */
		1BCE8D752484DC0900A6DBB2 /* LaunchScreen.storyboard */ = {
			isa = PBXVariantGroup;
			children = (
				1BCE8D762484DC0900A6DBB2 /* Base */,
			);
			name = LaunchScreen.storyboard;
			sourceTree = "<group>";
		};
/* End PBXVariantGroup section */

/* Begin XCBuildConfiguration section */
		1BCE8D8F2484DC0A00A6DBB2 /* Debug */ = {
			isa = XCBuildConfiguration;
			buildSettings = {
				ALWAYS_SEARCH_USER_PATHS = NO;
				CLANG_ANALYZER_NONNULL = YES;
				CLANG_ANALYZER_NUMBER_OBJECT_CONVERSION = YES_AGGRESSIVE;
				CLANG_CXX_LANGUAGE_STANDARD = "gnu++14";
				CLANG_CXX_LIBRARY = "libc++";
				CLANG_ENABLE_MODULES = YES;
				CLANG_ENABLE_OBJC_ARC = YES;
				CLANG_ENABLE_OBJC_WEAK = YES;
				CLANG_WARN_BLOCK_CAPTURE_AUTORELEASING = YES;
				CLANG_WARN_BOOL_CONVERSION = YES;
				CLANG_WARN_COMMA = YES;
				CLANG_WARN_CONSTANT_CONVERSION = YES;
				CLANG_WARN_DEPRECATED_OBJC_IMPLEMENTATIONS = YES;
				CLANG_WARN_DIRECT_OBJC_ISA_USAGE = YES_ERROR;
				CLANG_WARN_DOCUMENTATION_COMMENTS = YES;
				CLANG_WARN_EMPTY_BODY = YES;
				CLANG_WARN_ENUM_CONVERSION = YES;
				CLANG_WARN_INFINITE_RECURSION = YES;
				CLANG_WARN_INT_CONVERSION = YES;
				CLANG_WARN_NON_LITERAL_NULL_CONVERSION = YES;
				CLANG_WARN_OBJC_IMPLICIT_RETAIN_SELF = YES;
				CLANG_WARN_OBJC_LITERAL_CONVERSION = YES;
				CLANG_WARN_OBJC_ROOT_CLASS = YES_ERROR;
				CLANG_WARN_RANGE_LOOP_ANALYSIS = YES;
				CLANG_WARN_STRICT_PROTOTYPES = YES;
				CLANG_WARN_SUSPICIOUS_MOVE = YES;
				CLANG_WARN_UNGUARDED_AVAILABILITY = YES_AGGRESSIVE;
				CLANG_WARN_UNREACHABLE_CODE = YES;
				CLANG_WARN__DUPLICATE_METHOD_MATCH = YES;
				COPY_PHASE_STRIP = NO;
				DEBUG_INFORMATION_FORMAT = dwarf;
				ENABLE_STRICT_OBJC_MSGSEND = YES;
				ENABLE_TESTABILITY = YES;
				GCC_C_LANGUAGE_STANDARD = gnu11;
				GCC_DYNAMIC_NO_PIC = NO;
				GCC_NO_COMMON_BLOCKS = YES;
				GCC_OPTIMIZATION_LEVEL = 0;
				GCC_PREPROCESSOR_DEFINITIONS = (
					"DEBUG=1",
					"$(inherited)",
				);
				GCC_WARN_64_TO_32_BIT_CONVERSION = YES;
				GCC_WARN_ABOUT_RETURN_TYPE = YES_ERROR;
				GCC_WARN_UNDECLARED_SELECTOR = YES;
				GCC_WARN_UNINITIALIZED_AUTOS = YES_AGGRESSIVE;
				GCC_WARN_UNUSED_FUNCTION = YES;
				GCC_WARN_UNUSED_VARIABLE = YES;
				IPHONEOS_DEPLOYMENT_TARGET = 13.5;
				MTL_ENABLE_DEBUG_INFO = INCLUDE_SOURCE;
				MTL_FAST_MATH = YES;
				ONLY_ACTIVE_ARCH = YES;
				SDKROOT = iphoneos;
				SWIFT_ACTIVE_COMPILATION_CONDITIONS = DEBUG;
				SWIFT_OPTIMIZATION_LEVEL = "-Onone";
			};
			name = Debug;
		};
		1BCE8D902484DC0A00A6DBB2 /* Release */ = {
			isa = XCBuildConfiguration;
			buildSettings = {
				ALWAYS_SEARCH_USER_PATHS = NO;
				CLANG_ANALYZER_NONNULL = YES;
				CLANG_ANALYZER_NUMBER_OBJECT_CONVERSION = YES_AGGRESSIVE;
				CLANG_CXX_LANGUAGE_STANDARD = "gnu++14";
				CLANG_CXX_LIBRARY = "libc++";
				CLANG_ENABLE_MODULES = YES;
				CLANG_ENABLE_OBJC_ARC = YES;
				CLANG_ENABLE_OBJC_WEAK = YES;
				CLANG_WARN_BLOCK_CAPTURE_AUTORELEASING = YES;
				CLANG_WARN_BOOL_CONVERSION = YES;
				CLANG_WARN_COMMA = YES;
				CLANG_WARN_CONSTANT_CONVERSION = YES;
				CLANG_WARN_DEPRECATED_OBJC_IMPLEMENTATIONS = YES;
				CLANG_WARN_DIRECT_OBJC_ISA_USAGE = YES_ERROR;
				CLANG_WARN_DOCUMENTATION_COMMENTS = YES;
				CLANG_WARN_EMPTY_BODY = YES;
				CLANG_WARN_ENUM_CONVERSION = YES;
				CLANG_WARN_INFINITE_RECURSION = YES;
				CLANG_WARN_INT_CONVERSION = YES;
				CLANG_WARN_NON_LITERAL_NULL_CONVERSION = YES;
				CLANG_WARN_OBJC_IMPLICIT_RETAIN_SELF = YES;
				CLANG_WARN_OBJC_LITERAL_CONVERSION = YES;
				CLANG_WARN_OBJC_ROOT_CLASS = YES_ERROR;
				CLANG_WARN_RANGE_LOOP_ANALYSIS = YES;
				CLANG_WARN_STRICT_PROTOTYPES = YES;
				CLANG_WARN_SUSPICIOUS_MOVE = YES;
				CLANG_WARN_UNGUARDED_AVAILABILITY = YES_AGGRESSIVE;
				CLANG_WARN_UNREACHABLE_CODE = YES;
				CLANG_WARN__DUPLICATE_METHOD_MATCH = YES;
				COPY_PHASE_STRIP = NO;
				DEBUG_INFORMATION_FORMAT = "dwarf-with-dsym";
				ENABLE_NS_ASSERTIONS = NO;
				ENABLE_STRICT_OBJC_MSGSEND = YES;
				GCC_C_LANGUAGE_STANDARD = gnu11;
				GCC_NO_COMMON_BLOCKS = YES;
				GCC_WARN_64_TO_32_BIT_CONVERSION = YES;
				GCC_WARN_ABOUT_RETURN_TYPE = YES_ERROR;
				GCC_WARN_UNDECLARED_SELECTOR = YES;
				GCC_WARN_UNINITIALIZED_AUTOS = YES_AGGRESSIVE;
				GCC_WARN_UNUSED_FUNCTION = YES;
				GCC_WARN_UNUSED_VARIABLE = YES;
				IPHONEOS_DEPLOYMENT_TARGET = 13.5;
				MTL_ENABLE_DEBUG_INFO = NO;
				MTL_FAST_MATH = YES;
				SDKROOT = iphoneos;
				SWIFT_COMPILATION_MODE = wholemodule;
				SWIFT_OPTIMIZATION_LEVEL = "-O";
				VALIDATE_PRODUCT = YES;
			};
			name = Release;
		};
		1BCE8D922484DC0A00A6DBB2 /* Debug */ = {
			isa = XCBuildConfiguration;
			buildSettings = {
				ASSETCATALOG_COMPILER_APPICON_NAME = AppIcon;
				CODE_SIGN_STYLE = Automatic;
				DEVELOPMENT_ASSET_PATHS = "\"SSCustomButton/Preview Content\"";
				DEVELOPMENT_TEAM = 7B7GXBVG2Q;
				ENABLE_PREVIEWS = YES;
				INFOPLIST_FILE = SSCustomButton/Info.plist;
				LD_RUNPATH_SEARCH_PATHS = (
					"$(inherited)",
					"@executable_path/Frameworks",
				);
				PRODUCT_BUNDLE_IDENTIFIER = com.sai.SSCustomButton;
				PRODUCT_NAME = "$(TARGET_NAME)";
				SWIFT_VERSION = 5.0;
				TARGETED_DEVICE_FAMILY = "1,2";
			};
			name = Debug;
		};
		1BCE8D932484DC0A00A6DBB2 /* Release */ = {
			isa = XCBuildConfiguration;
			buildSettings = {
				ASSETCATALOG_COMPILER_APPICON_NAME = AppIcon;
				CODE_SIGN_STYLE = Automatic;
				DEVELOPMENT_ASSET_PATHS = "\"SSCustomButton/Preview Content\"";
				DEVELOPMENT_TEAM = 7B7GXBVG2Q;
				ENABLE_PREVIEWS = YES;
				INFOPLIST_FILE = SSCustomButton/Info.plist;
				LD_RUNPATH_SEARCH_PATHS = (
					"$(inherited)",
					"@executable_path/Frameworks",
				);
				PRODUCT_BUNDLE_IDENTIFIER = com.sai.SSCustomButton;
				PRODUCT_NAME = "$(TARGET_NAME)";
				SWIFT_VERSION = 5.0;
				TARGETED_DEVICE_FAMILY = "1,2";
			};
			name = Release;
		};
		1BCE8D952484DC0A00A6DBB2 /* Debug */ = {
			isa = XCBuildConfiguration;
			buildSettings = {
				ALWAYS_EMBED_SWIFT_STANDARD_LIBRARIES = YES;
				BUNDLE_LOADER = "$(TEST_HOST)";
				CODE_SIGN_STYLE = Automatic;
				DEVELOPMENT_TEAM = 7B7GXBVG2Q;
				INFOPLIST_FILE = SSCustomButtonTests/Info.plist;
				IPHONEOS_DEPLOYMENT_TARGET = 13.5;
				LD_RUNPATH_SEARCH_PATHS = (
					"$(inherited)",
					"@executable_path/Frameworks",
					"@loader_path/Frameworks",
				);
				PRODUCT_BUNDLE_IDENTIFIER = com.sai.SSCustomButtonTests;
				PRODUCT_NAME = "$(TARGET_NAME)";
				SWIFT_VERSION = 5.0;
				TARGETED_DEVICE_FAMILY = "1,2";
				TEST_HOST = "$(BUILT_PRODUCTS_DIR)/SSCustomButton.app/SSCustomButton";
			};
			name = Debug;
		};
		1BCE8D962484DC0A00A6DBB2 /* Release */ = {
			isa = XCBuildConfiguration;
			buildSettings = {
				ALWAYS_EMBED_SWIFT_STANDARD_LIBRARIES = YES;
				BUNDLE_LOADER = "$(TEST_HOST)";
				CODE_SIGN_STYLE = Automatic;
				DEVELOPMENT_TEAM = 7B7GXBVG2Q;
				INFOPLIST_FILE = SSCustomButtonTests/Info.plist;
				IPHONEOS_DEPLOYMENT_TARGET = 13.5;
				LD_RUNPATH_SEARCH_PATHS = (
					"$(inherited)",
					"@executable_path/Frameworks",
					"@loader_path/Frameworks",
				);
				PRODUCT_BUNDLE_IDENTIFIER = com.sai.SSCustomButtonTests;
				PRODUCT_NAME = "$(TARGET_NAME)";
				SWIFT_VERSION = 5.0;
				TARGETED_DEVICE_FAMILY = "1,2";
				TEST_HOST = "$(BUILT_PRODUCTS_DIR)/SSCustomButton.app/SSCustomButton";
			};
			name = Release;
		};
		1BCE8D982484DC0A00A6DBB2 /* Debug */ = {
			isa = XCBuildConfiguration;
			buildSettings = {
				ALWAYS_EMBED_SWIFT_STANDARD_LIBRARIES = YES;
				CODE_SIGN_STYLE = Automatic;
				DEVELOPMENT_TEAM = 7B7GXBVG2Q;
				INFOPLIST_FILE = SSCustomButtonUITests/Info.plist;
				LD_RUNPATH_SEARCH_PATHS = (
					"$(inherited)",
					"@executable_path/Frameworks",
					"@loader_path/Frameworks",
				);
				PRODUCT_BUNDLE_IDENTIFIER = com.sai.SSCustomButtonUITests;
				PRODUCT_NAME = "$(TARGET_NAME)";
				SWIFT_VERSION = 5.0;
				TARGETED_DEVICE_FAMILY = "1,2";
				TEST_TARGET_NAME = SSCustomButton;
			};
			name = Debug;
		};
		1BCE8D992484DC0A00A6DBB2 /* Release */ = {
			isa = XCBuildConfiguration;
			buildSettings = {
				ALWAYS_EMBED_SWIFT_STANDARD_LIBRARIES = YES;
				CODE_SIGN_STYLE = Automatic;
				DEVELOPMENT_TEAM = 7B7GXBVG2Q;
				INFOPLIST_FILE = SSCustomButtonUITests/Info.plist;
				LD_RUNPATH_SEARCH_PATHS = (
					"$(inherited)",
					"@executable_path/Frameworks",
					"@loader_path/Frameworks",
				);
				PRODUCT_BUNDLE_IDENTIFIER = com.sai.SSCustomButtonUITests;
				PRODUCT_NAME = "$(TARGET_NAME)";
				SWIFT_VERSION = 5.0;
				TARGETED_DEVICE_FAMILY = "1,2";
				TEST_TARGET_NAME = SSCustomButton;
			};
			name = Release;
		};
/* End XCBuildConfiguration section */

/* Begin XCConfigurationList section */
		1BCE8D622484DC0800A6DBB2 /* Build configuration list for PBXProject "SSCustomButton" */ = {
			isa = XCConfigurationList;
			buildConfigurations = (
				1BCE8D8F2484DC0A00A6DBB2 /* Debug */,
				1BCE8D902484DC0A00A6DBB2 /* Release */,
			);
			defaultConfigurationIsVisible = 0;
			defaultConfigurationName = Release;
		};
		1BCE8D912484DC0A00A6DBB2 /* Build configuration list for PBXNativeTarget "SSCustomButton" */ = {
			isa = XCConfigurationList;
			buildConfigurations = (
				1BCE8D922484DC0A00A6DBB2 /* Debug */,
				1BCE8D932484DC0A00A6DBB2 /* Release */,
			);
			defaultConfigurationIsVisible = 0;
			defaultConfigurationName = Release;
		};
		1BCE8D942484DC0A00A6DBB2 /* Build configuration list for PBXNativeTarget "SSCustomButtonTests" */ = {
			isa = XCConfigurationList;
			buildConfigurations = (
				1BCE8D952484DC0A00A6DBB2 /* Debug */,
				1BCE8D962484DC0A00A6DBB2 /* Release */,
			);
			defaultConfigurationIsVisible = 0;
			defaultConfigurationName = Release;
		};
		1BCE8D972484DC0A00A6DBB2 /* Build configuration list for PBXNativeTarget "SSCustomButtonUITests" */ = {
			isa = XCConfigurationList;
			buildConfigurations = (
				1BCE8D982484DC0A00A6DBB2 /* Debug */,
				1BCE8D992484DC0A00A6DBB2 /* Release */,
			);
			defaultConfigurationIsVisible = 0;
			defaultConfigurationName = Release;
		};
/* End XCConfigurationList section */
	};
	rootObject = 1BCE8D5F2484DC0800A6DBB2 /* Project object */;
}
